
Microsoft Visual Studio Solution File, Format Version 12.00
# Visual Studio 2012
Project("{FAE04EC0-301F-11D3-BF4B-00C04F79EFBC}") = "AutoFixture.AutoEF", "AutoFixture.AutoEF\AutoFixture.AutoEF.csproj", "{794A3B63-AA2E-494E-818C-42561805775F}"
EndProject
Project("{FAE04EC0-301F-11D3-BF4B-00C04F79EFBC}") = "AutoFixture.AutoEF.Tests", "AutoFixture.AutoEF.Tests\AutoFixture.AutoEF.Tests.csproj", "{32BA1DC9-51CD-470D-90F8-9C39F0A7044E}"
EndProject
Global
	GlobalSection(SolutionConfigurationPlatforms) = preSolution
		Debug|Any CPU = Debug|Any CPU
		Release|Any CPU = Release|Any CPU
	EndGlobalSection
	GlobalSection(ProjectConfigurationPlatforms) = postSolution
		{794A3B63-AA2E-494E-818C-42561805775F}.Debug|Any CPU.ActiveCfg = Debug|Any CPU
		{794A3B63-AA2E-494E-818C-42561805775F}.Debug|Any CPU.Build.0 = Debug|Any CPU
		{794A3B63-AA2E-494E-818C-42561805775F}.Release|Any CPU.ActiveCfg = Release|Any CPU
		{794A3B63-AA2E-494E-818C-42561805775F}.Release|Any CPU.Build.0 = Release|Any CPU
		{32BA1DC9-51CD-470D-90F8-9C39F0A7044E}.Debug|Any CPU.ActiveCfg = Debug|Any CPU
		{32BA1DC9-51CD-470D-90F8-9C39F0A7044E}.Debug|Any CPU.Build.0 = Debug|Any CPU
		{32BA1DC9-51CD-470D-90F8-9C39F0A7044E}.Release|Any CPU.ActiveCfg = Release|Any CPU
		{32BA1DC9-51CD-470D-90F8-9C39F0A7044E}.Release|Any CPU.Build.0 = Release|Any CPU
	EndGlobalSection
	GlobalSection(SolutionProperties) = preSolution
		HideSolutionNode = FALSE
	EndGlobalSection
EndGlobal
