
Microsoft Visual Studio Solution File, Format Version 12.00
# Visual Studio 15
VisualStudioVersion = 15.0.27703.2035
MinimumVisualStudioVersion = 10.0.40219.1
Project("{FAE04EC0-301F-11D3-BF4B-00C04F79EFBC}") = "AutoFixture.AutoEF", "AutoFixture.AutoEF\AutoFixture.AutoEF.csproj", "{414518C2-A802-427B-B199-127CBE38871B}"
EndProject
Project("{9A19103F-16F7-4668-BE54-9A1E7A4F7556}") = "AutoFixture.AutoEF.Tests", "AutoFixture.AutoEF.Tests\AutoFixture.AutoEF.Tests.csproj", "{DA98DFCD-AE12-4814-9D32-EFBD69E4F484}"
EndProject
Global
	GlobalSection(SolutionConfigurationPlatforms) = preSolution
		Debug|Any CPU = Debug|Any CPU
		Release|Any CPU = Release|Any CPU
	EndGlobalSection
	GlobalSection(ProjectConfigurationPlatforms) = postSolution
		{414518C2-A802-427B-B199-127CBE38871B}.Debug|Any CPU.ActiveCfg = Debug|Any CPU
		{414518C2-A802-427B-B199-127CBE38871B}.Debug|Any CPU.Build.0 = Debug|Any CPU
		{414518C2-A802-427B-B199-127CBE38871B}.Release|Any CPU.ActiveCfg = Release|Any CPU
		{414518C2-A802-427B-B199-127CBE38871B}.Release|Any CPU.Build.0 = Release|Any CPU
		{DA98DFCD-AE12-4814-9D32-EFBD69E4F484}.Debug|Any CPU.ActiveCfg = Debug|Any CPU
		{DA98DFCD-AE12-4814-9D32-EFBD69E4F484}.Debug|Any CPU.Build.0 = Debug|Any CPU
		{DA98DFCD-AE12-4814-9D32-EFBD69E4F484}.Release|Any CPU.ActiveCfg = Release|Any CPU
		{DA98DFCD-AE12-4814-9D32-EFBD69E4F484}.Release|Any CPU.Build.0 = Release|Any CPU
	EndGlobalSection
	GlobalSection(SolutionProperties) = preSolution
		HideSolutionNode = FALSE
	EndGlobalSection
	GlobalSection(ExtensibilityGlobals) = postSolution
		SolutionGuid = {E1B5938A-F2B0-4FB9-9F35-7572EF87BAE0}
	EndGlobalSection
EndGlobal
